
Microsoft Visual Studio Solution File, Format Version 12.00
# Visual Studio 2013
VisualStudioVersion = 12.0.40629.0
MinimumVisualStudioVersion = 10.0.40219.1
Project("{FAE04EC0-301F-11D3-BF4B-00C04F79EFBC}") = "Quiz", "Quiz\Quiz.csproj", "{F77DAAE6-0093-4F3D-BD56-8F5A6BB09B34}"
EndProject
Project("{FAE04EC0-301F-11D3-BF4B-00C04F79EFBC}") = "FlatTheme", "FlatTheme\FlatTheme.csproj", "{DD9B70EF-DB16-449B-91FB-6ABB7B0F08DD}"
EndProject
Project("{FAE04EC0-301F-11D3-BF4B-00C04F79EFBC}") = "AutoUpdater", "AutoUpdater\AutoUpdater.csproj", "{4BA4719C-C6AB-49BA-9754-848CA24C1FD6}"
EndProject
Project("{FAE04EC0-301F-11D3-BF4B-00C04F79EFBC}") = "Core", "Core\Core.csproj", "{2D20C42A-5A8A-4FD4-9670-9B72076063D2}"
EndProject
Project("{FAE04EC0-301F-11D3-BF4B-00C04F79EFBC}") = "QuizWebApp", "QuizWebApp\QuizWebApp.csproj", "{6A935E36-C6E1-4DD0-853E-B7620932A594}"
EndProject
Global
	GlobalSection(SolutionConfigurationPlatforms) = preSolution
		CD_ROM|Any CPU = CD_ROM|Any CPU
		Debug|Any CPU = Debug|Any CPU
		DVD-5|Any CPU = DVD-5|Any CPU
		Release|Any CPU = Release|Any CPU
		SingleImage|Any CPU = SingleImage|Any CPU
	EndGlobalSection
	GlobalSection(ProjectConfigurationPlatforms) = postSolution
		{F77DAAE6-0093-4F3D-BD56-8F5A6BB09B34}.CD_ROM|Any CPU.ActiveCfg = Release|Any CPU
		{F77DAAE6-0093-4F3D-BD56-8F5A6BB09B34}.CD_ROM|Any CPU.Build.0 = Release|Any CPU
		{F77DAAE6-0093-4F3D-BD56-8F5A6BB09B34}.Debug|Any CPU.ActiveCfg = Debug|Any CPU
		{F77DAAE6-0093-4F3D-BD56-8F5A6BB09B34}.Debug|Any CPU.Build.0 = Debug|Any CPU
		{F77DAAE6-0093-4F3D-BD56-8F5A6BB09B34}.DVD-5|Any CPU.ActiveCfg = Debug|Any CPU
		{F77DAAE6-0093-4F3D-BD56-8F5A6BB09B34}.DVD-5|Any CPU.Build.0 = Debug|Any CPU
		{F77DAAE6-0093-4F3D-BD56-8F5A6BB09B34}.Release|Any CPU.ActiveCfg = Release|Any CPU
		{F77DAAE6-0093-4F3D-BD56-8F5A6BB09B34}.Release|Any CPU.Build.0 = Release|Any CPU
		{F77DAAE6-0093-4F3D-BD56-8F5A6BB09B34}.SingleImage|Any CPU.ActiveCfg = Release|Any CPU
		{F77DAAE6-0093-4F3D-BD56-8F5A6BB09B34}.SingleImage|Any CPU.Build.0 = Release|Any CPU
		{DD9B70EF-DB16-449B-91FB-6ABB7B0F08DD}.CD_ROM|Any CPU.ActiveCfg = Release|Any CPU
		{DD9B70EF-DB16-449B-91FB-6ABB7B0F08DD}.CD_ROM|Any CPU.Build.0 = Release|Any CPU
		{DD9B70EF-DB16-449B-91FB-6ABB7B0F08DD}.Debug|Any CPU.ActiveCfg = Debug|Any CPU
		{DD9B70EF-DB16-449B-91FB-6ABB7B0F08DD}.Debug|Any CPU.Build.0 = Debug|Any CPU
		{DD9B70EF-DB16-449B-91FB-6ABB7B0F08DD}.DVD-5|Any CPU.ActiveCfg = Debug|Any CPU
		{DD9B70EF-DB16-449B-91FB-6ABB7B0F08DD}.DVD-5|Any CPU.Build.0 = Debug|Any CPU
		{DD9B70EF-DB16-449B-91FB-6ABB7B0F08DD}.Release|Any CPU.ActiveCfg = Release|Any CPU
		{DD9B70EF-DB16-449B-91FB-6ABB7B0F08DD}.Release|Any CPU.Build.0 = Release|Any CPU
		{DD9B70EF-DB16-449B-91FB-6ABB7B0F08DD}.SingleImage|Any CPU.ActiveCfg = Release|Any CPU
		{DD9B70EF-DB16-449B-91FB-6ABB7B0F08DD}.SingleImage|Any CPU.Build.0 = Release|Any CPU
		{4BA4719C-C6AB-49BA-9754-848CA24C1FD6}.CD_ROM|Any CPU.ActiveCfg = Release|Any CPU
		{4BA4719C-C6AB-49BA-9754-848CA24C1FD6}.CD_ROM|Any CPU.Build.0 = Release|Any CPU
		{4BA4719C-C6AB-49BA-9754-848CA24C1FD6}.Debug|Any CPU.ActiveCfg = Debug|Any CPU
		{4BA4719C-C6AB-49BA-9754-848CA24C1FD6}.Debug|Any CPU.Build.0 = Debug|Any CPU
		{4BA4719C-C6AB-49BA-9754-848CA24C1FD6}.DVD-5|Any CPU.ActiveCfg = Debug|Any CPU
		{4BA4719C-C6AB-49BA-9754-848CA24C1FD6}.DVD-5|Any CPU.Build.0 = Debug|Any CPU
		{4BA4719C-C6AB-49BA-9754-848CA24C1FD6}.Release|Any CPU.ActiveCfg = Release|Any CPU
		{4BA4719C-C6AB-49BA-9754-848CA24C1FD6}.Release|Any CPU.Build.0 = Release|Any CPU
		{4BA4719C-C6AB-49BA-9754-848CA24C1FD6}.SingleImage|Any CPU.ActiveCfg = Release|Any CPU
		{4BA4719C-C6AB-49BA-9754-848CA24C1FD6}.SingleImage|Any CPU.Build.0 = Release|Any CPU
		{2D20C42A-5A8A-4FD4-9670-9B72076063D2}.CD_ROM|Any CPU.ActiveCfg = Release|Any CPU
		{2D20C42A-5A8A-4FD4-9670-9B72076063D2}.CD_ROM|Any CPU.Build.0 = Release|Any CPU
		{2D20C42A-5A8A-4FD4-9670-9B72076063D2}.Debug|Any CPU.ActiveCfg = Debug|Any CPU
		{2D20C42A-5A8A-4FD4-9670-9B72076063D2}.Debug|Any CPU.Build.0 = Debug|Any CPU
		{2D20C42A-5A8A-4FD4-9670-9B72076063D2}.DVD-5|Any CPU.ActiveCfg = Debug|Any CPU
		{2D20C42A-5A8A-4FD4-9670-9B72076063D2}.DVD-5|Any CPU.Build.0 = Debug|Any CPU
		{2D20C42A-5A8A-4FD4-9670-9B72076063D2}.Release|Any CPU.ActiveCfg = Release|Any CPU
		{2D20C42A-5A8A-4FD4-9670-9B72076063D2}.Release|Any CPU.Build.0 = Release|Any CPU
		{2D20C42A-5A8A-4FD4-9670-9B72076063D2}.SingleImage|Any CPU.ActiveCfg = Release|Any CPU
		{2D20C42A-5A8A-4FD4-9670-9B72076063D2}.SingleImage|Any CPU.Build.0 = Release|Any CPU
		{6A935E36-C6E1-4DD0-853E-B7620932A594}.CD_ROM|Any CPU.ActiveCfg = Release|Any CPU
		{6A935E36-C6E1-4DD0-853E-B7620932A594}.CD_ROM|Any CPU.Build.0 = Release|Any CPU
		{6A935E36-C6E1-4DD0-853E-B7620932A594}.Debug|Any CPU.ActiveCfg = Debug|Any CPU
		{6A935E36-C6E1-4DD0-853E-B7620932A594}.Debug|Any CPU.Build.0 = Debug|Any CPU
		{6A935E36-C6E1-4DD0-853E-B7620932A594}.DVD-5|Any CPU.ActiveCfg = Debug|Any CPU
		{6A935E36-C6E1-4DD0-853E-B7620932A594}.DVD-5|Any CPU.Build.0 = Debug|Any CPU
		{6A935E36-C6E1-4DD0-853E-B7620932A594}.Release|Any CPU.ActiveCfg = Release|Any CPU
		{6A935E36-C6E1-4DD0-853E-B7620932A594}.Release|Any CPU.Build.0 = Release|Any CPU
		{6A935E36-C6E1-4DD0-853E-B7620932A594}.SingleImage|Any CPU.ActiveCfg = Release|Any CPU
		{6A935E36-C6E1-4DD0-853E-B7620932A594}.SingleImage|Any CPU.Build.0 = Release|Any CPU
	EndGlobalSection
	GlobalSection(SolutionProperties) = preSolution
		HideSolutionNode = FALSE
	EndGlobalSection
EndGlobal
